
Microsoft Visual Studio Solution File, Format Version 12.00
# Visual Studio Version 17
VisualStudioVersion = 17.11.35312.102
MinimumVisualStudioVersion = 10.0.40219.1
Project("{FAE04EC0-301F-11D3-BF4B-00C04F79EFBC}") = "CrudAppBackend", "CrudAppBackend.csproj", "{009E0CF8-CAE1-4EAA-B5B0-115AA2457874}"
EndProject
Global
	GlobalSection(SolutionConfigurationPlatforms) = preSolution
		Debug|Any CPU = Debug|Any CPU
		Release|Any CPU = Release|Any CPU
	EndGlobalSection
	GlobalSection(ProjectConfigurationPlatforms) = postSolution
		{009E0CF8-CAE1-4EAA-B5B0-115AA2457874}.Debug|Any CPU.ActiveCfg = Debug|Any CPU
		{009E0CF8-CAE1-4EAA-B5B0-115AA2457874}.Debug|Any CPU.Build.0 = Debug|Any CPU
		{009E0CF8-CAE1-4EAA-B5B0-115AA2457874}.Release|Any CPU.ActiveCfg = Release|Any CPU
		{009E0CF8-CAE1-4EAA-B5B0-115AA2457874}.Release|Any CPU.Build.0 = Release|Any CPU
	EndGlobalSection
	GlobalSection(SolutionProperties) = preSolution
		HideSolutionNode = FALSE
	EndGlobalSection
	GlobalSection(ExtensibilityGlobals) = postSolution
		SolutionGuid = {2280DA94-5790-40DA-BAB4-817AF5FD55CA}
	EndGlobalSection
EndGlobal
